# This file is autogenerated, do not edit; changes may be undone by the next 'dep ensure'.


[[projects]]
  name = "github.com/dgrijalva/jwt-go"
  packages = ["."]
  revision = "06ea1031745cb8b3dab3f6a236daf2b0aa468b7e"
  version = "v3.2.0"

[[projects]]
  name = "github.com/machinebox/graphql"
  packages = ["."]
  revision = "05b17f3157491bbfa5d6fc2006443a272d960d15"
  version = "v0.2.2"

[[projects]]
  name = "github.com/mitchellh/mapstructure"
  packages = ["."]
  revision = "3536a929edddb9a5b34bd6861dc4a9647cb459fe"
  version = "v1.1.2"

[[projects]]
  name = "github.com/pkg/errors"
  packages = ["."]
  revision = "ba968bfe8b2f7e042a574c888954fccecfa385b4"
  version = "v0.8.1"

[[projects]]
  branch = "master"
  name = "github.com/prisma/prisma-client-lib-go"
  packages = ["."]
  revision = "68a1f9908416aebb5bbb0bc3cdec3321d74cb7af"

[solve-meta]
  analyzer-name = "dep"
  analyzer-version = 1
  inputs-digest = "3b4d0d75ab61baf063f6b91ec5be62f02b8adfd8857512507a139a370e2a1303"
  solver-name = "gps-cdcl"
  solver-version = 1
